<?xml version="1.0" encoding="utf-8"?>
<Project ToolsVersion="4.0" xmlns="http://schemas.microsoft.com/developer/msbuild/2003">
  <ItemGroup>
    <Filter Include="Source Files">
      <UniqueIdentifier>{4FC737F1-C7A5-4376-A066-2A32D752A2FF}</UniqueIdentifier>
      <Extensions>cpp;c;cc;cxx;def;odl;idl;hpj;bat;asm;asmx</Extensions>
    </Filter>
    <Filter Include="Header Files">
      <UniqueIdentifier>{93995380-89BD-4b04-88EB-625FBE52EBFB}</UniqueIdentifier>
      <Extensions>h;hh;hpp;hxx;hm;inl;inc;xsd</Extensions>
    </Filter>
    <Filter Include="Resource Files">
      <UniqueIdentifier>{67DA6AB6-F800-4c08-8B7A-83BB121AAD01}</UniqueIdentifier>
      <Extensions>rc;ico;cur;bmp;dlg;rc2;rct;bin;rgs;gif;jpg;jpeg;jpe;resx;tiff;tif;png;wav;mfcribbon-ms</Extensions>
    </Filter>
  </ItemGroup>
  <ItemGroup>
    <ClCompile Include="Mirror\Features\Aimbot.cpp">
      <Filter>Source Files</Filter>
    </ClCompile>
    <ClCompile Include="Mirror\Features\EnginePrediction.cpp">
      <Filter>Source Files</Filter>
    </ClCompile>
    <ClCompile Include="Mirror\Features\ESP.cpp">
      <Filter>Source Files</Filter>
    </ClCompile>
    <ClCompile Include="Mirror\GUI\GUI.cpp">
      <Filter>Source Files</Filter>
    </ClCompile>
    <ClCompile Include="Mirror\Utils\D3DFont.cpp">
      <Filter>Source Files</Filter>
    </ClCompile>
    <ClCompile Include="Mirror\Utils\DrawManager.cpp">
      <Filter>Source Files</Filter>
    </ClCompile>
    <ClCompile Include="Mirror\Utils\GlobalVars.cpp">
      <Filter>Source Files</Filter>
    </ClCompile>
    <ClCompile Include="Mirror\Utils\Interfaces.cpp">
      <Filter>Source Files</Filter>
    </ClCompile>
    <ClCompile Include="Mirror\Utils\NetvarManager.cpp">
      <Filter>Source Files</Filter>
    </ClCompile>
    <ClCompile Include="Mirror\Utils\Vector4D.cpp">
      <Filter>Source Files</Filter>
    </ClCompile>
    <ClCompile Include="Mirror\DLLMain.cpp">
      <Filter>Source Files</Filter>
    </ClCompile>
    <ClCompile Include="Mirror\Hooks.cpp">
      <Filter>Source Files</Filter>
    </ClCompile>
    <ClCompile Include="Mirror\Menu.cpp">
      <Filter>Source Files</Filter>
    </ClCompile>
    <ClCompile Include="Mirror\Settings.cpp">
      <Filter>Source Files</Filter>
    </ClCompile>
    <ClCompile Include="Mirror\Features\Backtrack.cpp">
      <Filter>Source Files</Filter>
    </ClCompile>
    <ClCompile Include="Mirror\Utils\CGrenadeAPI.cpp">
      <Filter>Source Files</Filter>
    </ClCompile>
    <ClCompile Include="Mirror\Features\Chams.cpp">
      <Filter>Source Files</Filter>
    </ClCompile>
    <ClCompile Include="Mirror\Features\Autowall.cpp">
      <Filter>Source Files</Filter>
    </ClCompile>
    <ClCompile Include="Mirror\Features\Ragebot.cpp">
      <Filter>Source Files</Filter>
    </ClCompile>
  </ItemGroup>
  <ItemGroup>
    <ClInclude Include="Antario\Menu.h">
      <Filter>Header Files</Filter>
    </ClInclude>
    <ClInclude Include="Mirror\Features\Aimbot.h">
      <Filter>Header Files</Filter>
    </ClInclude>
    <ClInclude Include="Mirror\Features\EnginePrediction.h">
      <Filter>Header Files</Filter>
    </ClInclude>
    <ClInclude Include="Mirror\Features\ESP.h">
      <Filter>Header Files</Filter>
    </ClInclude>
    <ClInclude Include="Mirror\Features\Features.h">
      <Filter>Header Files</Filter>
    </ClInclude>
    <ClInclude Include="Mirror\Features\Misc.h">
      <Filter>Header Files</Filter>
    </ClInclude>
    <ClInclude Include="Mirror\GUI\GUI.h">
      <Filter>Header Files</Filter>
    </ClInclude>
    <ClInclude Include="Mirror\SDK\CEntity.h">
      <Filter>Header Files</Filter>
    </ClInclude>
    <ClInclude Include="Mirror\SDK\CGlobalVarsBase.h">
      <Filter>Header Files</Filter>
    </ClInclude>
    <ClInclude Include="Mirror\SDK\CHandle.h">
      <Filter>Header Files</Filter>
    </ClInclude>
    <ClInclude Include="Mirror\SDK\CInput.h">
      <Filter>Header Files</Filter>
    </ClInclude>
    <ClInclude Include="Mirror\SDK\ClientClass.h">
      <Filter>Header Files</Filter>
    </ClInclude>
    <ClInclude Include="Mirror\SDK\CPrediction.h">
      <Filter>Header Files</Filter>
    </ClInclude>
    <ClInclude Include="Mirror\SDK\Definitions.h">
      <Filter>Header Files</Filter>
    </ClInclude>
    <ClInclude Include="Mirror\SDK\IBaseClientDll.h">
      <Filter>Header Files</Filter>
    </ClInclude>
    <ClInclude Include="Mirror\SDK\IClientEntity.h">
      <Filter>Header Files</Filter>
    </ClInclude>
    <ClInclude Include="Mirror\SDK\IClientEntityList.h">
      <Filter>Header Files</Filter>
    </ClInclude>
    <ClInclude Include="Mirror\SDK\IClientMode.h">
      <Filter>Header Files</Filter>
    </ClInclude>
    <ClInclude Include="Mirror\SDK\IClientNetworkable.h">
      <Filter>Header Files</Filter>
    </ClInclude>
    <ClInclude Include="Mirror\SDK\IClientRenderable.h">
      <Filter>Header Files</Filter>
    </ClInclude>
    <ClInclude Include="Mirror\SDK\IClientThinkable.h">
      <Filter>Header Files</Filter>
    </ClInclude>
    <ClInclude Include="Mirror\SDK\IClientUnknown.h">
      <Filter>Header Files</Filter>
    </ClInclude>
    <ClInclude Include="Mirror\SDK\IGameEvent.h">
      <Filter>Header Files</Filter>
    </ClInclude>
    <ClInclude Include="Mirror\SDK\IVEngineClient.h">
      <Filter>Header Files</Filter>
    </ClInclude>
    <ClInclude Include="Mirror\SDK\KeyValues.h">
      <Filter>Header Files</Filter>
    </ClInclude>
    <ClInclude Include="Mirror\SDK\PlayerInfo.h">
      <Filter>Header Files</Filter>
    </ClInclude>
    <ClInclude Include="Mirror\SDK\Recv.h">
      <Filter>Header Files</Filter>
    </ClInclude>
    <ClInclude Include="Mirror\SDK\Studio.hpp">
      <Filter>Header Files</Filter>
    </ClInclude>
    <ClInclude Include="Mirror\SDK\Vector.h">
      <Filter>Header Files</Filter>
    </ClInclude>
    <ClInclude Include="Mirror\SDK\VMatrix.h">
      <Filter>Header Files</Filter>
    </ClInclude>
    <ClInclude Include="Mirror\Utils\Color.h">
      <Filter>Header Files</Filter>
    </ClInclude>
    <ClInclude Include="Mirror\Utils\D3DFont.h">
      <Filter>Header Files</Filter>
    </ClInclude>
    <ClInclude Include="Mirror\Utils\DrawManager.h">
      <Filter>Header Files</Filter>
    </ClInclude>
    <ClInclude Include="Mirror\Utils\GlobalVars.h">
      <Filter>Header Files</Filter>
    </ClInclude>
    <ClInclude Include="Mirror\Utils\Interfaces.h">
      <Filter>Header Files</Filter>
    </ClInclude>
    <ClInclude Include="Mirror\Utils\NetvarManager.h">
      <Filter>Header Files</Filter>
    </ClInclude>
    <ClInclude Include="Mirror\Utils\SPoint.h">
      <Filter>Header Files</Filter>
    </ClInclude>
    <ClInclude Include="Mirror\Utils\SRect.h">
      <Filter>Header Files</Filter>
    </ClInclude>
    <ClInclude Include="Mirror\Utils\Utils.h">
      <Filter>Header Files</Filter>
    </ClInclude>
    <ClInclude Include="Mirror\Utils\Vector4D.hpp">
      <Filter>Header Files</Filter>
    </ClInclude>
    <ClInclude Include="Mirror\EventListener.h">
      <Filter>Header Files</Filter>
    </ClInclude>
    <ClInclude Include="Mirror\Hooks.h">
      <Filter>Header Files</Filter>
    </ClInclude>
    <ClInclude Include="Mirror\Settings.h">
      <Filter>Header Files</Filter>
    </ClInclude>
    <ClInclude Include="Mirror\Features\Backtrack.h">
      <Filter>Header Files</Filter>
    </ClInclude>
    <ClInclude Include="Mirror\SDK\IVModelInfoClient.hpp">
      <Filter>Header Files</Filter>
    </ClInclude>
    <ClInclude Include="Mirror\Utils\CGrenadeAPI.h">
      <Filter>Header Files</Filter>
    </ClInclude>
    <ClInclude Include="Mirror\SDK\IVModelRender.hpp">
      <Filter>Header Files</Filter>
    </ClInclude>
    <ClInclude Include="Mirror\Features\Chams.h">
      <Filter>Header Files</Filter>
    </ClInclude>
    <ClInclude Include="Mirror\Features\Autowall.h">
      <Filter>Header Files</Filter>
    </ClInclude>
    <ClInclude Include="Mirror\SDK\IPhysics.h">
      <Filter>Header Files</Filter>
    </ClInclude>
    <ClInclude Include="Mirror\Utils\ICvar.h">
      <Filter>Header Files</Filter>
    </ClInclude>
    <ClInclude Include="Mirror\Features\Ragebot.h">
      <Filter>Header Files</Filter>
    </ClInclude>
  </ItemGroup>
</Project>